
Microsoft Visual Studio Solution File, Format Version 12.00
# Visual Studio Version 17
VisualStudioVersion = 17.7.34031.279
MinimumVisualStudioVersion = 10.0.40219.1
Project("{FAE04EC0-301F-11D3-BF4B-00C04F79EFBC}") = "DAMAGE666", "DAMAGE666\DAMAGE666.csproj", "{042B34D8-5CFE-433A-9C2A-93D5A7AD7283}"
EndProject
Global
	GlobalSection(SolutionConfigurationPlatforms) = preSolution
		Debug|Any CPU = Debug|Any CPU
		Release|Any CPU = Release|Any CPU
	EndGlobalSection
	GlobalSection(ProjectConfigurationPlatforms) = postSolution
		{042B34D8-5CFE-433A-9C2A-93D5A7AD7283}.Debug|Any CPU.ActiveCfg = Debug|Any CPU
		{042B34D8-5CFE-433A-9C2A-93D5A7AD7283}.Debug|Any CPU.Build.0 = Debug|Any CPU
		{042B34D8-5CFE-433A-9C2A-93D5A7AD7283}.Release|Any CPU.ActiveCfg = Release|Any CPU
		{042B34D8-5CFE-433A-9C2A-93D5A7AD7283}.Release|Any CPU.Build.0 = Release|Any CPU
	EndGlobalSection
	GlobalSection(SolutionProperties) = preSolution
		HideSolutionNode = FALSE
	EndGlobalSection
	GlobalSection(ExtensibilityGlobals) = postSolution
		SolutionGuid = {B02DF720-C889-4B6B-BC81-20D140E352FD}
	EndGlobalSection
EndGlobal
